
Microsoft Visual Studio Solution File, Format Version 12.00
# Visual Studio Version 16
VisualStudioVersion = 16.0.31005.135
MinimumVisualStudioVersion = 10.0.40219.1
Project("{FAE04EC0-301F-11D3-BF4B-00C04F79EFBC}") = "Web", "Web\Web.csproj", "{42995A73-9FA8-44FC-B458-A023410BFE21}"
EndProject
Project("{FAE04EC0-301F-11D3-BF4B-00C04F79EFBC}") = "Core", "Core\Core.csproj", "{68BDCF6A-1900-4430-A2F5-A31A754B8769}"
EndProject
Project("{FAE04EC0-301F-11D3-BF4B-00C04F79EFBC}") = "Infrastructure", "Infrastructure\Infrastructure.csproj", "{1A487A8F-2BE9-4995-8E4F-A1A12147C6DC}"
EndProject
Global
	GlobalSection(SolutionConfigurationPlatforms) = preSolution
		Debug|Any CPU = Debug|Any CPU
		Release|Any CPU = Release|Any CPU
	EndGlobalSection
	GlobalSection(ProjectConfigurationPlatforms) = postSolution
		{42995A73-9FA8-44FC-B458-A023410BFE21}.Debug|Any CPU.ActiveCfg = Debug|Any CPU
		{42995A73-9FA8-44FC-B458-A023410BFE21}.Debug|Any CPU.Build.0 = Debug|Any CPU
		{42995A73-9FA8-44FC-B458-A023410BFE21}.Release|Any CPU.ActiveCfg = Release|Any CPU
		{42995A73-9FA8-44FC-B458-A023410BFE21}.Release|Any CPU.Build.0 = Release|Any CPU
		{68BDCF6A-1900-4430-A2F5-A31A754B8769}.Debug|Any CPU.ActiveCfg = Debug|Any CPU
		{68BDCF6A-1900-4430-A2F5-A31A754B8769}.Debug|Any CPU.Build.0 = Debug|Any CPU
		{68BDCF6A-1900-4430-A2F5-A31A754B8769}.Release|Any CPU.ActiveCfg = Release|Any CPU
		{68BDCF6A-1900-4430-A2F5-A31A754B8769}.Release|Any CPU.Build.0 = Release|Any CPU
		{1A487A8F-2BE9-4995-8E4F-A1A12147C6DC}.Debug|Any CPU.ActiveCfg = Debug|Any CPU
		{1A487A8F-2BE9-4995-8E4F-A1A12147C6DC}.Debug|Any CPU.Build.0 = Debug|Any CPU
		{1A487A8F-2BE9-4995-8E4F-A1A12147C6DC}.Release|Any CPU.ActiveCfg = Release|Any CPU
		{1A487A8F-2BE9-4995-8E4F-A1A12147C6DC}.Release|Any CPU.Build.0 = Release|Any CPU
	EndGlobalSection
	GlobalSection(SolutionProperties) = preSolution
		HideSolutionNode = FALSE
	EndGlobalSection
	GlobalSection(ExtensibilityGlobals) = postSolution
		SolutionGuid = {577C39FC-A1B2-41C2-AD5E-07E235244E45}
	EndGlobalSection
EndGlobal
